version = 1
revision = 3
requires-python = ">=3.10, <3.12"

[[package]]
name = "asgiref"
version = "3.11.1"
source = { registry = "https://pypi.org/simple" }
dependencies = [
    { name = "typing-extensions", marker = "python_full_version < '3.11'" },
]
sdist = { url = "https://files.pythonhosted.org/packages/63/40/f03da1264ae8f7cfdbf9146542e5e7e8100a4c66ab48e791df9a03d3f6c0/asgiref-3.11.1.tar.gz", hash = "sha256:5f184dc43b7e763efe848065441eac62229c9f7b0475f41f80e207a114eda4ce", size = 38550, upload-time = "2026-02-03T13:30:14.33Z" }
wheels = [
    { url = "https://files.pythonhosted.org/packages/5c/0a/a72d10ed65068e115044937873362e6e32fab1b7dce0046aeb224682c989/asgiref-3.11.1-py3-none-any.whl", hash = "sha256:e8667a091e69529631969fd45dc268fa79b99c92c5fcdda727757e52146ec133", size = 24345, upload-time = "2026-02-03T13:30:13.039Z" },
]

[[package]]
name = "certifi"
version = "2026.4.22"
source = { registry = "https://pypi.org/simple" }
sdist = { url = "https://files.pythonhosted.org/packages/25/ee/6caf7a40c36a1220410afe15a1cc64993a1f864871f698c0f93acb72842a/certifi-2026.4.22.tar.gz", hash = "sha256:8d455352a37b71bf76a79caa83a3d6c25afee4a385d632127b6afb3963f1c580", size = 137077, upload-time = "2026-04-22T11:26:11.191Z" }
wheels = [
    { url = "https://files.pythonhosted.org/packages/22/30/7cd8fdcdfbc5b869528b079bfb76dcdf6056b1a2097a662e5e8c04f42965/certifi-2026.4.22-py3-none-any.whl", hash = "sha256:3cb2210c8f88ba2318d29b0388d1023c8492ff72ecdde4ebdaddbb13a31b1c4a", size = 135707, upload-time = "2026-04-22T11:26:09.372Z" },
]

[[package]]
name = "chardet"
version = "4.0.0"
source = { registry = "https://pypi.org/simple" }
sdist = { url = "https://files.pythonhosted.org/packages/ee/2d/9cdc2b527e127b4c9db64b86647d567985940ac3698eeabc7ffaccb4ea61/chardet-4.0.0.tar.gz", hash = "sha256:0d6f53a15db4120f2b08c94f11e7d93d2c911ee118b6b30a04ec3ee8310179fa", size = 1907771, upload-time = "2020-12-10T19:35:33.971Z" }
wheels = [
    { url = "https://files.pythonhosted.org/packages/19/c7/fa589626997dd07bd87d9269342ccb74b1720384a4d739a1872bd84fbe68/chardet-4.0.0-py2.py3-none-any.whl", hash = "sha256:f864054d66fd9118f2e67044ac8981a54775ec5b67aed0441892edb553d21da5", size = 178743, upload-time = "2020-12-10T19:35:32.469Z" },
]

[[package]]
name = "django"
version = "3.2.18"
source = { registry = "https://pypi.org/simple" }
dependencies = [
    { name = "asgiref" },
    { name = "pytz" },
    { name = "sqlparse" },
]
sdist = { url = "https://files.pythonhosted.org/packages/66/e6/e06dd4fceb09cbb50598cbaecca0dc1a2ac3bc4b8cf3e073e394603c3d85/Django-3.2.18.tar.gz", hash = "sha256:08208dfe892eb64fff073ca743b3b952311104f939e7f6dae954fe72dcc533ba", size = 9848949, upload-time = "2023-02-14T08:25:40.252Z" }
wheels = [
    { url = "https://files.pythonhosted.org/packages/57/12/da22535f809b8c06c8d58eaf236ec8683ffd4e1dc4eced175b174e6446fa/Django-3.2.18-py3-none-any.whl", hash = "sha256:4d492d9024c7b3dfababf49f94511ab6a58e2c9c3c7207786f1ba4eb77750706", size = 7889264, upload-time = "2023-02-14T08:25:28.389Z" },
]

[[package]]
name = "django-uv-web-app"
version = "0.1.0"
source = { editable = "." }
dependencies = [
    { name = "django" },
    { name = "djangorestframework" },
    { name = "gunicorn" },
    { name = "python-dotenv" },
    { name = "requests" },
]

[package.metadata]
requires-dist = [
    { name = "django", specifier = "==3.2.18" },
    { name = "djangorestframework", specifier = "==3.12.4" },
    { name = "gunicorn", specifier = "==19.10.0" },
    { name = "python-dotenv", specifier = "==0.19.0" },
    { name = "requests", specifier = "==2.25.1" },
]

[[package]]
name = "djangorestframework"
version = "3.12.4"
source = { registry = "https://pypi.org/simple" }
dependencies = [
    { name = "django" },
]
sdist = { url = "https://files.pythonhosted.org/packages/cb/2e/86d38af19dcacccb53feda081cb5f4d6954480bfca961bc4dee31501bc99/djangorestframework-3.12.4.tar.gz", hash = "sha256:f747949a8ddac876e879190df194b925c177cdeb725a099db1460872f7c0a7f2", size = 825004, upload-time = "2021-03-26T09:27:14.689Z" }
wheels = [
    { url = "https://files.pythonhosted.org/packages/d7/fe/18d96db43d440654e01a5831accd02948d373c160082bef186d6dc926255/djangorestframework-3.12.4-py3-none-any.whl", hash = "sha256:6d1d59f623a5ad0509fe0d6bfe93cbdfe17b8116ebc8eda86d45f6e16e819aaf", size = 957734, upload-time = "2021-03-26T09:27:11.328Z" },
]

[[package]]
name = "gunicorn"
version = "19.10.0"
source = { registry = "https://pypi.org/simple" }
sdist = { url = "https://files.pythonhosted.org/packages/2c/f3/8d576c38213aff3e2841bb93522e0822871a74395e7e0fb5f3741a3c014a/gunicorn-19.10.0.tar.gz", hash = "sha256:f9de24e358b841567063629cd0a656b26792a41e23a24d0dcb40224fc3940081", size = 406657, upload-time = "2019-11-23T09:52:04.58Z" }
wheels = [
    { url = "https://files.pythonhosted.org/packages/5f/54/c15f2c243c19074cbf06ce6c48732d99aec825487f87e57e86e9a22990f2/gunicorn-19.10.0-py2.py3-none-any.whl", hash = "sha256:c3930fe8de6778ab5ea716cab432ae6335fa9f03b3f2c3e02529214c476f4bcb", size = 113387, upload-time = "2019-11-23T09:52:02.301Z" },
]

[[package]]
name = "idna"
version = "2.10"
source = { registry = "https://pypi.org/simple" }
sdist = { url = "https://files.pythonhosted.org/packages/ea/b7/e0e3c1c467636186c39925827be42f16fee389dc404ac29e930e9136be70/idna-2.10.tar.gz", hash = "sha256:b307872f855b18632ce0c21c5e45be78c0ea7ae4c15c828c20788b26921eb3f6", size = 175616, upload-time = "2020-06-27T23:45:05.21Z" }
wheels = [
    { url = "https://files.pythonhosted.org/packages/a2/38/928ddce2273eaa564f6f50de919327bf3a00f091b5baba8dfa9460f3a8a8/idna-2.10-py2.py3-none-any.whl", hash = "sha256:b97d804b1e9b523befed77c48dacec60e6dcb0b5391d57af6a65a312a90648c0", size = 58811, upload-time = "2020-06-27T23:45:03.457Z" },
]

[[package]]
name = "python-dotenv"
version = "0.19.0"
source = { registry = "https://pypi.org/simple" }
sdist = { url = "https://files.pythonhosted.org/packages/59/39/20eb771fc2113fb67638d4f2e1905c51b0c75862d09018a393470234a51c/python-dotenv-0.19.0.tar.gz", hash = "sha256:f521bc2ac9a8e03c736f62911605c5d83970021e3fa95b37d769e2bbbe9b6172", size = 32016, upload-time = "2021-07-24T16:06:28.234Z" }
wheels = [
    { url = "https://files.pythonhosted.org/packages/f5/d6/4b6268fad900fcb064e4344aa563b22688f0b38dcd857b500b2b5cc445c6/python_dotenv-0.19.0-py2.py3-none-any.whl", hash = "sha256:aae25dc1ebe97c420f50b81fb0e5c949659af713f31fdb63c749ca68748f34b1", size = 17525, upload-time = "2021-07-24T16:06:26.829Z" },
]

[[package]]
name = "pytz"
version = "2026.1.post1"
source = { registry = "https://pypi.org/simple" }
sdist = { url = "https://files.pythonhosted.org/packages/56/db/b8721d71d945e6a8ac63c0fc900b2067181dbb50805958d4d4661cf7d277/pytz-2026.1.post1.tar.gz", hash = "sha256:3378dde6a0c3d26719182142c56e60c7f9af7e968076f31aae569d72a0358ee1", size = 321088, upload-time = "2026-03-03T07:47:50.683Z" }
wheels = [
    { url = "https://files.pythonhosted.org/packages/10/99/781fe0c827be2742bcc775efefccb3b048a3a9c6ce9aec0cbf4a101677e5/pytz-2026.1.post1-py2.py3-none-any.whl", hash = "sha256:f2fd16142fda348286a75e1a524be810bb05d444e5a081f37f7affc635035f7a", size = 510489, upload-time = "2026-03-03T07:47:49.167Z" },
]

[[package]]
name = "requests"
version = "2.25.1"
source = { registry = "https://pypi.org/simple" }
dependencies = [
    { name = "certifi" },
    { name = "chardet" },
    { name = "idna" },
    { name = "urllib3" },
]
sdist = { url = "https://files.pythonhosted.org/packages/6b/47/c14abc08432ab22dc18b9892252efaf005ab44066de871e72a38d6af464b/requests-2.25.1.tar.gz", hash = "sha256:27973dd4a904a4f13b263a19c866c13b92a39ed1c964655f025f3f8d3d75b804", size = 102161, upload-time = "2020-12-16T19:38:36.779Z" }
wheels = [
    { url = "https://files.pythonhosted.org/packages/29/c1/24814557f1d22c56d50280771a17307e6bf87b70727d975fd6b2ce6b014a/requests-2.25.1-py2.py3-none-any.whl", hash = "sha256:c210084e36a42ae6b9219e00e48287def368a26d03a048ddad7bfee44f75871e", size = 61216, upload-time = "2020-12-16T19:38:34.329Z" },
]

[[package]]
name = "sqlparse"
version = "0.5.5"
source = { registry = "https://pypi.org/simple" }
sdist = { url = "https://files.pythonhosted.org/packages/90/76/437d71068094df0726366574cf3432a4ed754217b436eb7429415cf2d480/sqlparse-0.5.5.tar.gz", hash = "sha256:e20d4a9b0b8585fdf63b10d30066c7c94c5d7a7ec47c889a2d83a3caa93ff28e", size = 120815, upload-time = "2025-12-19T07:17:45.073Z" }
wheels = [
    { url = "https://files.pythonhosted.org/packages/49/4b/359f28a903c13438ef59ebeee215fb25da53066db67b305c125f1c6d2a25/sqlparse-0.5.5-py3-none-any.whl", hash = "sha256:12a08b3bf3eec877c519589833aed092e2444e68240a3577e8e26148acc7b1ba", size = 46138, upload-time = "2025-12-19T07:17:46.573Z" },
]

[[package]]
name = "typing-extensions"
version = "4.15.0"
source = { registry = "https://pypi.org/simple" }
sdist = { url = "https://files.pythonhosted.org/packages/72/94/1a15dd82efb362ac84269196e94cf00f187f7ed21c242792a923cdb1c61f/typing_extensions-4.15.0.tar.gz", hash = "sha256:0cea48d173cc12fa28ecabc3b837ea3cf6f38c6d1136f85cbaaf598984861466", size = 109391, upload-time = "2025-08-25T13:49:26.313Z" }
wheels = [
    { url = "https://files.pythonhosted.org/packages/18/67/36e9267722cc04a6b9f15c7f3441c2363321a3ea07da7ae0c0707beb2a9c/typing_extensions-4.15.0-py3-none-any.whl", hash = "sha256:f0fa19c6845758ab08074a0cfa8b7aecb71c999ca73d62883bc25cc018c4e548", size = 44614, upload-time = "2025-08-25T13:49:24.86Z" },
]

[[package]]
name = "urllib3"
version = "1.26.20"
source = { registry = "https://pypi.org/simple" }
sdist = { url = "https://files.pythonhosted.org/packages/e4/e8/6ff5e6bc22095cfc59b6ea711b687e2b7ed4bdb373f7eeec370a97d7392f/urllib3-1.26.20.tar.gz", hash = "sha256:40c2dc0c681e47eb8f90e7e27bf6ff7df2e677421fd46756da1161c39ca70d32", size = 307380, upload-time = "2024-08-29T15:43:11.37Z" }
wheels = [
    { url = "https://files.pythonhosted.org/packages/33/cf/8435d5a7159e2a9c83a95896ed596f68cf798005fe107cc655b5c5c14704/urllib3-1.26.20-py2.py3-none-any.whl", hash = "sha256:0ed14ccfbf1c30a9072c7ca157e4319b70d65f623e91e7b32fadb2853431016e", size = 144225, upload-time = "2024-08-29T15:43:08.921Z" },
]
